// !$*UTF8*$!
{
	archiveVersion = 1;
	classes = {
	};
	objectVersion = 46;
	objects = {

/* Begin PBXBuildFile section */
		8C655BD41D815C7200CB1E06 /* main.m in Sources */ = {isa = PBXBuildFile; fileRef = 8C655BD31D815C7200CB1E06 /* main.m */; };
		8C655BD71D815C7200CB1E06 /* AppDelegate.m in Sources */ = {isa = PBXBuildFile; fileRef = 8C655BD61D815C7200CB1E06 /* AppDelegate.m */; };
		8C655BDA1D815C7200CB1E06 /* ViewController.m in Sources */ = {isa = PBXBuildFile; fileRef = 8C655BD91D815C7200CB1E06 /* ViewController.m */; };
		8C655BDD1D815C7200CB1E06 /* Main.storyboard in Resources */ = {isa = PBXBuildFile; fileRef = 8C655BDB1D815C7200CB1E06 /* Main.storyboard */; };
		8C655BDF1D815C7200CB1E06 /* Assets.xcassets in Resources */ = {isa = PBXBuildFile; fileRef = 8C655BDE1D815C7200CB1E06 /* Assets.xcassets */; };
		8C655BE21D815C7200CB1E06 /* LaunchScreen.storyboard in Resources */ = {isa = PBXBuildFile; fileRef = 8C655BE01D815C7200CB1E06 /* LaunchScreen.storyboard */; };
		8C655BED1D815C7200CB1E06 /* ReactiveCocoaCombinationDemoTests.m in Sources */ = {isa = PBXBuildFile; fileRef = 8C655BEC1D815C7200CB1E06 /* ReactiveCocoaCombinationDemoTests.m */; };
		8C655BF81D815C7200CB1E06 /* ReactiveCocoaCombinationDemoUITests.m in Sources */ = {isa = PBXBuildFile; fileRef = 8C655BF71D815C7200CB1E06 /* ReactiveCocoaCombinationDemoUITests.m */; };
		E5CA1C540104B6121EA8E881 /* Pods_ReactiveCocoaCombinationDemo.framework in Frameworks */ = {isa = PBXBuildFile; fileRef = EBEE76575C1E4B26E21419E6 /* Pods_ReactiveCocoaCombinationDemo.framework */; };
/* End PBXBuildFile section */

/* Begin PBXContainerItemProxy section */
		8C655BE91D815C7200CB1E06 /* PBXContainerItemProxy */ = {
			isa = PBXContainerItemProxy;
			containerPortal = 8C655BC71D815C7200CB1E06 /* Project object */;
			proxyType = 1;
			remoteGlobalIDString = 8C655BCE1D815C7200CB1E06;
			remoteInfo = ReactiveCocoaCombinationDemo;
		};
		8C655BF41D815C7200CB1E06 /* PBXContainerItemProxy */ = {
			isa = PBXContainerItemProxy;
			containerPortal = 8C655BC71D815C7200CB1E06 /* Project object */;
			proxyType = 1;
			remoteGlobalIDString = 8C655BCE1D815C7200CB1E06;
			remoteInfo = ReactiveCocoaCombinationDemo;
		};
/* End PBXContainerItemProxy section */

/* Begin PBXFileReference section */
		7827AFAC3C0B48ABB2001E8D /* Pods-ReactiveCocoaCombinationDemo.debug.xcconfig */ = {isa = PBXFileReference; includeInIndex = 1; lastKnownFileType = text.xcconfig; name = "Pods-ReactiveCocoaCombinationDemo.debug.xcconfig"; path = "Pods/Target Support Files/Pods-ReactiveCocoaCombinationDemo/Pods-ReactiveCocoaCombinationDemo.debug.xcconfig"; sourceTree = "<group>"; };
		8002122E93CE22FF4201451C /* Pods-ReactiveCocoaCombinationDemo.release.xcconfig */ = {isa = PBXFileReference; includeInIndex = 1; lastKnownFileType = text.xcconfig; name = "Pods-ReactiveCocoaCombinationDemo.release.xcconfig"; path = "Pods/Target Support Files/Pods-ReactiveCocoaCombinationDemo/Pods-ReactiveCocoaCombinationDemo.release.xcconfig"; sourceTree = "<group>"; };
		8C655BCF1D815C7200CB1E06 /* ReactiveCocoaCombinationDemo.app */ = {isa = PBXFileReference; explicitFileType = wrapper.application; includeInIndex = 0; path = ReactiveCocoaCombinationDemo.app; sourceTree = BUILT_PRODUCTS_DIR; };
		8C655BD31D815C7200CB1E06 /* main.m */ = {isa = PBXFileReference; lastKnownFileType = sourcecode.c.objc; path = main.m; sourceTree = "<group>"; };
		8C655BD51D815C7200CB1E06 /* AppDelegate.h */ = {isa = PBXFileReference; lastKnownFileType = sourcecode.c.h; path = AppDelegate.h; sourceTree = "<group>"; };
		8C655BD61D815C7200CB1E06 /* AppDelegate.m */ = {isa = PBXFileReference; lastKnownFileType = sourcecode.c.objc; path = AppDelegate.m; sourceTree = "<group>"; };
		8C655BD81D815C7200CB1E06 /* ViewController.h */ = {isa = PBXFileReference; lastKnownFileType = sourcecode.c.h; path = ViewController.h; sourceTree = "<group>"; };
		8C655BD91D815C7200CB1E06 /* ViewController.m */ = {isa = PBXFileReference; lastKnownFileType = sourcecode.c.objc; path = ViewController.m; sourceTree = "<group>"; };
		8C655BDC1D815C7200CB1E06 /* Base */ = {isa = PBXFileReference; lastKnownFileType = file.storyboard; name = Base; path = Base.lproj/Main.storyboard; sourceTree = "<group>"; };
		8C655BDE1D815C7200CB1E06 /* Assets.xcassets */ = {isa = PBXFileReference; lastKnownFileType = folder.assetcatalog; path = Assets.xcassets; sourceTree = "<group>"; };
		8C655BE11D815C7200CB1E06 /* Base */ = {isa = PBXFileReference; lastKnownFileType = file.storyboard; name = Base; path = Base.lproj/LaunchScreen.storyboard; sourceTree = "<group>"; };
		8C655BE31D815C7200CB1E06 /* Info.plist */ = {isa = PBXFileReference; lastKnownFileType = text.plist.xml; path = Info.plist; sourceTree = "<group>"; };
		8C655BE81D815C7200CB1E06 /* ReactiveCocoaCombinationDemoTests.xctest */ = {isa = PBXFileReference; explicitFileType = wrapper.cfbundle; includeInIndex = 0; path = ReactiveCocoaCombinationDemoTests.xctest; sourceTree = BUILT_PRODUCTS_DIR; };
		8C655BEC1D815C7200CB1E06 /* ReactiveCocoaCombinationDemoTests.m */ = {isa = PBXFileReference; lastKnownFileType = sourcecode.c.objc; path = ReactiveCocoaCombinationDemoTests.m; sourceTree = "<group>"; };
		8C655BEE1D815C7200CB1E06 /* Info.plist */ = {isa = PBXFileReference; lastKnownFileType = text.plist.xml; path = Info.plist; sourceTree = "<group>"; };
		8C655BF31D815C7200CB1E06 /* ReactiveCocoaCombinationDemoUITests.xctest */ = {isa = PBXFileReference; explicitFileType = wrapper.cfbundle; includeInIndex = 0; path = ReactiveCocoaCombinationDemoUITests.xctest; sourceTree = BUILT_PRODUCTS_DIR; };
		8C655BF71D815C7200CB1E06 /* ReactiveCocoaCombinationDemoUITests.m */ = {isa = PBXFileReference; lastKnownFileType = sourcecode.c.objc; path = ReactiveCocoaCombinationDemoUITests.m; sourceTree = "<group>"; };
		8C655BF91D815C7200CB1E06 /* Info.plist */ = {isa = PBXFileReference; lastKnownFileType = text.plist.xml; path = Info.plist; sourceTree = "<group>"; };
		EBEE76575C1E4B26E21419E6 /* Pods_ReactiveCocoaCombinationDemo.framework */ = {isa = PBXFileReference; explicitFileType = wrapper.framework; includeInIndex = 0; path = Pods_ReactiveCocoaCombinationDemo.framework; sourceTree = BUILT_PRODUCTS_DIR; };
/* End PBXFileReference section */

/* Begin PBXFrameworksBuildPhase section */
		8C655BCC1D815C7200CB1E06 /* Frameworks */ = {
			isa = PBXFrameworksBuildPhase;
			buildActionMask = 2147483647;
			files = (
				E5CA1C540104B6121EA8E881 /* Pods_ReactiveCocoaCombinationDemo.framework in Frameworks */,
			);
			runOnlyForDeploymentPostprocessing = 0;
		};
		8C655BE51D815C7200CB1E06 /* Frameworks */ = {
			isa = PBXFrameworksBuildPhase;
			buildActionMask = 2147483647;
			files = (
			);
			runOnlyForDeploymentPostprocessing = 0;
		};
		8C655BF01D815C7200CB1E06 /* Frameworks */ = {
			isa = PBXFrameworksBuildPhase;
			buildActionMask = 2147483647;
			files = (
			);
			runOnlyForDeploymentPostprocessing = 0;
		};
/* End PBXFrameworksBuildPhase section */

/* Begin PBXGroup section */
		07C2AD85492140FA4F304797 /* Frameworks */ = {
			isa = PBXGroup;
			children = (
				EBEE76575C1E4B26E21419E6 /* Pods_ReactiveCocoaCombinationDemo.framework */,
			);
			name = Frameworks;
			sourceTree = "<group>";
		};
		55FB4DCFC50CA6FD1918DC5C /* Pods */ = {
			isa = PBXGroup;
			children = (
				7827AFAC3C0B48ABB2001E8D /* Pods-ReactiveCocoaCombinationDemo.debug.xcconfig */,
				8002122E93CE22FF4201451C /* Pods-ReactiveCocoaCombinationDemo.release.xcconfig */,
			);
			name = Pods;
			sourceTree = "<group>";
		};
		8C655BC61D815C7200CB1E06 = {
			isa = PBXGroup;
			children = (
				8C655BD11D815C7200CB1E06 /* ReactiveCocoaCombinationDemo */,
				8C655BEB1D815C7200CB1E06 /* ReactiveCocoaCombinationDemoTests */,
				8C655BF61D815C7200CB1E06 /* ReactiveCocoaCombinationDemoUITests */,
				8C655BD01D815C7200CB1E06 /* Products */,
				55FB4DCFC50CA6FD1918DC5C /* Pods */,
				07C2AD85492140FA4F304797 /* Frameworks */,
			);
			sourceTree = "<group>";
		};
		8C655BD01D815C7200CB1E06 /* Products */ = {
			isa = PBXGroup;
			children = (
				8C655BCF1D815C7200CB1E06 /* ReactiveCocoaCombinationDemo.app */,
				8C655BE81D815C7200CB1E06 /* ReactiveCocoaCombinationDemoTests.xctest */,
				8C655BF31D815C7200CB1E06 /* ReactiveCocoaCombinationDemoUITests.xctest */,
			);
			name = Products;
			sourceTree = "<group>";
		};
		8C655BD11D815C7200CB1E06 /* ReactiveCocoaCombinationDemo */ = {
			isa = PBXGroup;
			children = (
				8C655BD51D815C7200CB1E06 /* AppDelegate.h */,
				8C655BD61D815C7200CB1E06 /* AppDelegate.m */,
				8C655BD81D815C7200CB1E06 /* ViewController.h */,
				8C655BD91D815C7200CB1E06 /* ViewController.m */,
				8C655BDB1D815C7200CB1E06 /* Main.storyboard */,
				8C655BDE1D815C7200CB1E06 /* Assets.xcassets */,
				8C655BE01D815C7200CB1E06 /* LaunchScreen.storyboard */,
				8C655BE31D815C7200CB1E06 /* Info.plist */,
				8C655BD21D815C7200CB1E06 /* Supporting Files */,
			);
			path = ReactiveCocoaCombinationDemo;
			sourceTree = "<group>";
		};
		8C655BD21D815C7200CB1E06 /* Supporting Files */ = {
			isa = PBXGroup;
			children = (
				8C655BD31D815C7200CB1E06 /* main.m */,
			);
			name = "Supporting Files";
			sourceTree = "<group>";
		};
		8C655BEB1D815C7200CB1E06 /* ReactiveCocoaCombinationDemoTests */ = {
			isa = PBXGroup;
			children = (
				8C655BEC1D815C7200CB1E06 /* ReactiveCocoaCombinationDemoTests.m */,
				8C655BEE1D815C7200CB1E06 /* Info.plist */,
			);
			path = ReactiveCocoaCombinationDemoTests;
			sourceTree = "<group>";
		};
		8C655BF61D815C7200CB1E06 /* ReactiveCocoaCombinationDemoUITests */ = {
			isa = PBXGroup;
			children = (
				8C655BF71D815C7200CB1E06 /* ReactiveCocoaCombinationDemoUITests.m */,
				8C655BF91D815C7200CB1E06 /* Info.plist */,
			);
			path = ReactiveCocoaCombinationDemoUITests;
			sourceTree = "<group>";
		};
/* End PBXGroup section */

/* Begin PBXNativeTarget section */
		8C655BCE1D815C7200CB1E06 /* ReactiveCocoaCombinationDemo */ = {
			isa = PBXNativeTarget;
			buildConfigurationList = 8C655BFC1D815C7200CB1E06 /* Build configuration list for PBXNativeTarget "ReactiveCocoaCombinationDemo" */;
			buildPhases = (
				940B2AB405EA3FF542E76563 /* [CP] Check Pods Manifest.lock */,
				8C655BCB1D815C7200CB1E06 /* Sources */,
				8C655BCC1D815C7200CB1E06 /* Frameworks */,
				8C655BCD1D815C7200CB1E06 /* Resources */,
				BB99C6C34E9D75B40A4F8610 /* [CP] Embed Pods Frameworks */,
				E8499AC3D9D01C1960BE1E66 /* [CP] Copy Pods Resources */,
			);
			buildRules = (
			);
			dependencies = (
			);
			name = ReactiveCocoaCombinationDemo;
			productName = ReactiveCocoaCombinationDemo;
			productReference = 8C655BCF1D815C7200CB1E06 /* ReactiveCocoaCombinationDemo.app */;
			productType = "com.apple.product-type.application";
		};
		8C655BE71D815C7200CB1E06 /* ReactiveCocoaCombinationDemoTests */ = {
			isa = PBXNativeTarget;
			buildConfigurationList = 8C655BFF1D815C7200CB1E06 /* Build configuration list for PBXNativeTarget "ReactiveCocoaCombinationDemoTests" */;
			buildPhases = (
				8C655BE41D815C7200CB1E06 /* Sources */,
				8C655BE51D815C7200CB1E06 /* Frameworks */,
				8C655BE61D815C7200CB1E06 /* Resources */,
			);
			buildRules = (
			);
			dependencies = (
				8C655BEA1D815C7200CB1E06 /* PBXTargetDependency */,
			);
			name = ReactiveCocoaCombinationDemoTests;
			productName = ReactiveCocoaCombinationDemoTests;
			productReference = 8C655BE81D815C7200CB1E06 /* ReactiveCocoaCombinationDemoTests.xctest */;
			productType = "com.apple.product-type.bundle.unit-test";
		};
		8C655BF21D815C7200CB1E06 /* ReactiveCocoaCombinationDemoUITests */ = {
			isa = PBXNativeTarget;
			buildConfigurationList = 8C655C021D815C7200CB1E06 /* Build configuration list for PBXNativeTarget "ReactiveCocoaCombinationDemoUITests" */;
			buildPhases = (
				8C655BEF1D815C7200CB1E06 /* Sources */,
				8C655BF01D815C7200CB1E06 /* Frameworks */,
				8C655BF11D815C7200CB1E06 /* Resources */,
			);
			buildRules = (
			);
			dependencies = (
				8C655BF51D815C7200CB1E06 /* PBXTargetDependency */,
			);
			name = ReactiveCocoaCombinationDemoUITests;
			productName = ReactiveCocoaCombinationDemoUITests;
			productReference = 8C655BF31D815C7200CB1E06 /* ReactiveCocoaCombinationDemoUITests.xctest */;
			productType = "com.apple.product-type.bundle.ui-testing";
		};
/* End PBXNativeTarget section */

/* Begin PBXProject section */
		8C655BC71D815C7200CB1E06 /* Project object */ = {
			isa = PBXProject;
			attributes = {
				LastUpgradeCheck = 0720;
				ORGANIZATIONNAME = Jentle;
				TargetAttributes = {
					8C655BCE1D815C7200CB1E06 = {
						CreatedOnToolsVersion = 7.2;
						DevelopmentTeam = ZRH7G9EDH6;
					};
					8C655BE71D815C7200CB1E06 = {
						CreatedOnToolsVersion = 7.2;
						DevelopmentTeam = ZRH7G9EDH6;
						TestTargetID = 8C655BCE1D815C7200CB1E06;
					};
					8C655BF21D815C7200CB1E06 = {
						CreatedOnToolsVersion = 7.2;
						DevelopmentTeam = ZRH7G9EDH6;
						TestTargetID = 8C655BCE1D815C7200CB1E06;
					};
				};
			};
			buildConfigurationList = 8C655BCA1D815C7200CB1E06 /* Build configuration list for PBXProject "ReactiveCocoaCombinationDemo" */;
			compatibilityVersion = "Xcode 3.2";
			developmentRegion = English;
			hasScannedForEncodings = 0;
			knownRegions = (
				en,
				Base,
			);
			mainGroup = 8C655BC61D815C7200CB1E06;
			productRefGroup = 8C655BD01D815C7200CB1E06 /* Products */;
			projectDirPath = "";
			projectRoot = "";
			targets = (
				8C655BCE1D815C7200CB1E06 /* ReactiveCocoaCombinationDemo */,
				8C655BE71D815C7200CB1E06 /* ReactiveCocoaCombinationDemoTests */,
				8C655BF21D815C7200CB1E06 /* ReactiveCocoaCombinationDemoUITests */,
			);
		};
/* End PBXProject section */

/* Begin PBXResourcesBuildPhase section */
		8C655BCD1D815C7200CB1E06 /* Resources */ = {
			isa = PBXResourcesBuildPhase;
			buildActionMask = 2147483647;
			files = (
				8C655BE21D815C7200CB1E06 /* LaunchScreen.storyboard in Resources */,
				8C655BDF1D815C7200CB1E06 /* Assets.xcassets in Resources */,
				8C655BDD1D815C7200CB1E06 /* Main.storyboard in Resources */,
			);
			runOnlyForDeploymentPostprocessing = 0;
		};
		8C655BE61D815C7200CB1E06 /* Resources */ = {
			isa = PBXResourcesBuildPhase;
			buildActionMask = 2147483647;
			files = (
			);
			runOnlyForDeploymentPostprocessing = 0;
		};
		8C655BF11D815C7200CB1E06 /* Resources */ = {
			isa = PBXResourcesBuildPhase;
			buildActionMask = 2147483647;
			files = (
			);
			runOnlyForDeploymentPostprocessing = 0;
		};
/* End PBXResourcesBuildPhase section */

/* Begin PBXShellScriptBuildPhase section */
		940B2AB405EA3FF542E76563 /* [CP] Check Pods Manifest.lock */ = {
			isa = PBXShellScriptBuildPhase;
			buildActionMask = 2147483647;
			files = (
			);
			inputPaths = (
			);
			name = "[CP] Check Pods Manifest.lock";
			outputPaths = (
			);
			runOnlyForDeploymentPostprocessing = 0;
			shellPath = /bin/sh;
			shellScript = "diff \"${PODS_ROOT}/../Podfile.lock\" \"${PODS_ROOT}/Manifest.lock\" > /dev/null\nif [[ $? != 0 ]] ; then\n    cat << EOM\nerror: The sandbox is not in sync with the Podfile.lock. Run 'pod install' or update your CocoaPods installation.\nEOM\n    exit 1\nfi\n";
			showEnvVarsInLog = 0;
		};
		BB99C6C34E9D75B40A4F8610 /* [CP] Embed Pods Frameworks */ = {
			isa = PBXShellScriptBuildPhase;
			buildActionMask = 2147483647;
			files = (
			);
			inputPaths = (
			);
			name = "[CP] Embed Pods Frameworks";
			outputPaths = (
			);
			runOnlyForDeploymentPostprocessing = 0;
			shellPath = /bin/sh;
			shellScript = "\"${SRCROOT}/Pods/Target Support Files/Pods-ReactiveCocoaCombinationDemo/Pods-ReactiveCocoaCombinationDemo-frameworks.sh\"\n";
			showEnvVarsInLog = 0;
		};
		E8499AC3D9D01C1960BE1E66 /* [CP] Copy Pods Resources */ = {
			isa = PBXShellScriptBuildPhase;
			buildActionMask = 2147483647;
			files = (
			);
			inputPaths = (
			);
			name = "[CP] Copy Pods Resources";
			outputPaths = (
			);
			runOnlyForDeploymentPostprocessing = 0;
			shellPath = /bin/sh;
			shellScript = "\"${SRCROOT}/Pods/Target Support Files/Pods-ReactiveCocoaCombinationDemo/Pods-ReactiveCocoaCombinationDemo-resources.sh\"\n";
			showEnvVarsInLog = 0;
		};
/* End PBXShellScriptBuildPhase section */

/* Begin PBXSourcesBuildPhase section */
		8C655BCB1D815C7200CB1E06 /* Sources */ = {
			isa = PBXSourcesBuildPhase;
			buildActionMask = 2147483647;
			files = (
				8C655BDA1D815C7200CB1E06 /* ViewController.m in Sources */,
				8C655BD71D815C7200CB1E06 /* AppDelegate.m in Sources */,
				8C655BD41D815C7200CB1E06 /* main.m in Sources */,
			);
			runOnlyForDeploymentPostprocessing = 0;
		};
		8C655BE41D815C7200CB1E06 /* Sources */ = {
			isa = PBXSourcesBuildPhase;
			buildActionMask = 2147483647;
			files = (
				8C655BED1D815C7200CB1E06 /* ReactiveCocoaCombinationDemoTests.m in Sources */,
			);
			runOnlyForDeploymentPostprocessing = 0;
		};
		8C655BEF1D815C7200CB1E06 /* Sources */ = {
			isa = PBXSourcesBuildPhase;
			buildActionMask = 2147483647;
			files = (
				8C655BF81D815C7200CB1E06 /* ReactiveCocoaCombinationDemoUITests.m in Sources */,
			);
			runOnlyForDeploymentPostprocessing = 0;
		};
/* End PBXSourcesBuildPhase section */

/* Begin PBXTargetDependency section */
		8C655BEA1D815C7200CB1E06 /* PBXTargetDependency */ = {
			isa = PBXTargetDependency;
			target = 8C655BCE1D815C7200CB1E06 /* ReactiveCocoaCombinationDemo */;
			targetProxy = 8C655BE91D815C7200CB1E06 /* PBXContainerItemProxy */;
		};
		8C655BF51D815C7200CB1E06 /* PBXTargetDependency */ = {
			isa = PBXTargetDependency;
			target = 8C655BCE1D815C7200CB1E06 /* ReactiveCocoaCombinationDemo */;
			targetProxy = 8C655BF41D815C7200CB1E06 /* PBXContainerItemProxy */;
		};
/* End PBXTargetDependency section */

/* Begin PBXVariantGroup section */
		8C655BDB1D815C7200CB1E06 /* Main.storyboard */ = {
			isa = PBXVariantGroup;
			children = (
				8C655BDC1D815C7200CB1E06 /* Base */,
			);
			name = Main.storyboard;
			sourceTree = "<group>";
		};
		8C655BE01D815C7200CB1E06 /* LaunchScreen.storyboard */ = {
			isa = PBXVariantGroup;
			children = (
				8C655BE11D815C7200CB1E06 /* Base */,
			);
			name = LaunchScreen.storyboard;
			sourceTree = "<group>";
		};
/* End PBXVariantGroup section */

/* Begin XCBuildConfiguration section */
		8C655BFA1D815C7200CB1E06 /* Debug */ = {
			isa = XCBuildConfiguration;
			buildSettings = {
				ALWAYS_SEARCH_USER_PATHS = NO;
				CLANG_CXX_LANGUAGE_STANDARD = "gnu++0x";
				CLANG_CXX_LIBRARY = "libc++";
				CLANG_ENABLE_MODULES = YES;
				CLANG_ENABLE_OBJC_ARC = YES;
				CLANG_WARN_BOOL_CONVERSION = YES;
				CLANG_WARN_CONSTANT_CONVERSION = YES;
				CLANG_WARN_DIRECT_OBJC_ISA_USAGE = YES_ERROR;
				CLANG_WARN_EMPTY_BODY = YES;
				CLANG_WARN_ENUM_CONVERSION = YES;
				CLANG_WARN_INT_CONVERSION = YES;
				CLANG_WARN_OBJC_ROOT_CLASS = YES_ERROR;
				CLANG_WARN_UNREACHABLE_CODE = YES;
				CLANG_WARN__DUPLICATE_METHOD_MATCH = YES;
				"CODE_SIGN_IDENTITY[sdk=iphoneos*]" = "iPhone Developer";
				COPY_PHASE_STRIP = NO;
				DEBUG_INFORMATION_FORMAT = dwarf;
				ENABLE_STRICT_OBJC_MSGSEND = YES;
				ENABLE_TESTABILITY = YES;
				GCC_C_LANGUAGE_STANDARD = gnu99;
				GCC_DYNAMIC_NO_PIC = NO;
				GCC_NO_COMMON_BLOCKS = YES;
				GCC_OPTIMIZATION_LEVEL = 0;
				GCC_PREPROCESSOR_DEFINITIONS = (
					"DEBUG=1",
					"$(inherited)",
				);
				GCC_WARN_64_TO_32_BIT_CONVERSION = YES;
				GCC_WARN_ABOUT_RETURN_TYPE = YES_ERROR;
				GCC_WARN_UNDECLARED_SELECTOR = YES;
				GCC_WARN_UNINITIALIZED_AUTOS = YES_AGGRESSIVE;
				GCC_WARN_UNUSED_FUNCTION = YES;
				GCC_WARN_UNUSED_VARIABLE = YES;
				IPHONEOS_DEPLOYMENT_TARGET = 9.2;
				MTL_ENABLE_DEBUG_INFO = YES;
				ONLY_ACTIVE_ARCH = YES;
				SDKROOT = iphoneos;
			};
			name = Debug;
		};
		8C655BFB1D815C7200CB1E06 /* Release */ = {
			isa = XCBuildConfiguration;
			buildSettings = {
				ALWAYS_SEARCH_USER_PATHS = NO;
				CLANG_CXX_LANGUAGE_STANDARD = "gnu++0x";
				CLANG_CXX_LIBRARY = "libc++";
				CLANG_ENABLE_MODULES = YES;
				CLANG_ENABLE_OBJC_ARC = YES;
				CLANG_WARN_BOOL_CONVERSION = YES;
				CLANG_WARN_CONSTANT_CONVERSION = YES;
				CLANG_WARN_DIRECT_OBJC_ISA_USAGE = YES_ERROR;
				CLANG_WARN_EMPTY_BODY = YES;
				CLANG_WARN_ENUM_CONVERSION = YES;
				CLANG_WARN_INT_CONVERSION = YES;
				CLANG_WARN_OBJC_ROOT_CLASS = YES_ERROR;
				CLANG_WARN_UNREACHABLE_CODE = YES;
				CLANG_WARN__DUPLICATE_METHOD_MATCH = YES;
				"CODE_SIGN_IDENTITY[sdk=iphoneos*]" = "iPhone Developer";
				COPY_PHASE_STRIP = NO;
				DEBUG_INFORMATION_FORMAT = "dwarf-with-dsym";
				ENABLE_NS_ASSERTIONS = NO;
				ENABLE_STRICT_OBJC_MSGSEND = YES;
				GCC_C_LANGUAGE_STANDARD = gnu99;
				GCC_NO_COMMON_BLOCKS = YES;
				GCC_WARN_64_TO_32_BIT_CONVERSION = YES;
				GCC_WARN_ABOUT_RETURN_TYPE = YES_ERROR;
				GCC_WARN_UNDECLARED_SELECTOR = YES;
				GCC_WARN_UNINITIALIZED_AUTOS = YES_AGGRESSIVE;
				GCC_WARN_UNUSED_FUNCTION = YES;
				GCC_WARN_UNUSED_VARIABLE = YES;
				IPHONEOS_DEPLOYMENT_TARGET = 9.2;
				MTL_ENABLE_DEBUG_INFO = NO;
				SDKROOT = iphoneos;
				VALIDATE_PRODUCT = YES;
			};
			name = Release;
		};
		8C655BFD1D815C7200CB1E06 /* Debug */ = {
			isa = XCBuildConfiguration;
			baseConfigurationReference = 7827AFAC3C0B48ABB2001E8D /* Pods-ReactiveCocoaCombinationDemo.debug.xcconfig */;
			buildSettings = {
				ASSETCATALOG_COMPILER_APPICON_NAME = AppIcon;
				INFOPLIST_FILE = ReactiveCocoaCombinationDemo/Info.plist;
				LD_RUNPATH_SEARCH_PATHS = "$(inherited) @executable_path/Frameworks";
				PRODUCT_BUNDLE_IDENTIFIER = Jentle.zhi.ReactiveCocoaCombinationDemo;
				PRODUCT_NAME = "$(TARGET_NAME)";
			};
			name = Debug;
		};
		8C655BFE1D815C7200CB1E06 /* Release */ = {
			isa = XCBuildConfiguration;
			baseConfigurationReference = 8002122E93CE22FF4201451C /* Pods-ReactiveCocoaCombinationDemo.release.xcconfig */;
			buildSettings = {
				ASSETCATALOG_COMPILER_APPICON_NAME = AppIcon;
				INFOPLIST_FILE = ReactiveCocoaCombinationDemo/Info.plist;
				LD_RUNPATH_SEARCH_PATHS = "$(inherited) @executable_path/Frameworks";
				PRODUCT_BUNDLE_IDENTIFIER = Jentle.zhi.ReactiveCocoaCombinationDemo;
				PRODUCT_NAME = "$(TARGET_NAME)";
			};
			name = Release;
		};
		8C655C001D815C7200CB1E06 /* Debug */ = {
			isa = XCBuildConfiguration;
			buildSettings = {
				BUNDLE_LOADER = "$(TEST_HOST)";
				INFOPLIST_FILE = ReactiveCocoaCombinationDemoTests/Info.plist;
				LD_RUNPATH_SEARCH_PATHS = "$(inherited) @executable_path/Frameworks @loader_path/Frameworks";
				PRODUCT_BUNDLE_IDENTIFIER = Jentle.zhi.ReactiveCocoaCombinationDemoTests;
				PRODUCT_NAME = "$(TARGET_NAME)";
				TEST_HOST = "$(BUILT_PRODUCTS_DIR)/ReactiveCocoaCombinationDemo.app/ReactiveCocoaCombinationDemo";
			};
			name = Debug;
		};
		8C655C011D815C7200CB1E06 /* Release */ = {
			isa = XCBuildConfiguration;
			buildSettings = {
				BUNDLE_LOADER = "$(TEST_HOST)";
				INFOPLIST_FILE = ReactiveCocoaCombinationDemoTests/Info.plist;
				LD_RUNPATH_SEARCH_PATHS = "$(inherited) @executable_path/Frameworks @loader_path/Frameworks";
				PRODUCT_BUNDLE_IDENTIFIER = Jentle.zhi.ReactiveCocoaCombinationDemoTests;
				PRODUCT_NAME = "$(TARGET_NAME)";
				TEST_HOST = "$(BUILT_PRODUCTS_DIR)/ReactiveCocoaCombinationDemo.app/ReactiveCocoaCombinationDemo";
			};
			name = Release;
		};
		8C655C031D815C7200CB1E06 /* Debug */ = {
			isa = XCBuildConfiguration;
			buildSettings = {
				INFOPLIST_FILE = ReactiveCocoaCombinationDemoUITests/Info.plist;
				LD_RUNPATH_SEARCH_PATHS = "$(inherited) @executable_path/Frameworks @loader_path/Frameworks";
				PRODUCT_BUNDLE_IDENTIFIER = Jentle.zhi.ReactiveCocoaCombinationDemoUITests;
				PRODUCT_NAME = "$(TARGET_NAME)";
				TEST_TARGET_NAME = ReactiveCocoaCombinationDemo;
				USES_XCTRUNNER = YES;
			};
			name = Debug;
		};
		8C655C041D815C7200CB1E06 /* Release */ = {
			isa = XCBuildConfiguration;
			buildSettings = {
				INFOPLIST_FILE = ReactiveCocoaCombinationDemoUITests/Info.plist;
				LD_RUNPATH_SEARCH_PATHS = "$(inherited) @executable_path/Frameworks @loader_path/Frameworks";
				PRODUCT_BUNDLE_IDENTIFIER = Jentle.zhi.ReactiveCocoaCombinationDemoUITests;
				PRODUCT_NAME = "$(TARGET_NAME)";
				TEST_TARGET_NAME = ReactiveCocoaCombinationDemo;
				USES_XCTRUNNER = YES;
			};
			name = Release;
		};
/* End XCBuildConfiguration section */

/* Begin XCConfigurationList section */
		8C655BCA1D815C7200CB1E06 /* Build configuration list for PBXProject "ReactiveCocoaCombinationDemo" */ = {
			isa = XCConfigurationList;
			buildConfigurations = (
				8C655BFA1D815C7200CB1E06 /* Debug */,
				8C655BFB1D815C7200CB1E06 /* Release */,
			);
			defaultConfigurationIsVisible = 0;
			defaultConfigurationName = Release;
		};
		8C655BFC1D815C7200CB1E06 /* Build configuration list for PBXNativeTarget "ReactiveCocoaCombinationDemo" */ = {
			isa = XCConfigurationList;
			buildConfigurations = (
				8C655BFD1D815C7200CB1E06 /* Debug */,
				8C655BFE1D815C7200CB1E06 /* Release */,
			);
			defaultConfigurationIsVisible = 0;
			defaultConfigurationName = Release;
		};
		8C655BFF1D815C7200CB1E06 /* Build configuration list for PBXNativeTarget "ReactiveCocoaCombinationDemoTests" */ = {
			isa = XCConfigurationList;
			buildConfigurations = (
				8C655C001D815C7200CB1E06 /* Debug */,
				8C655C011D815C7200CB1E06 /* Release */,
			);
			defaultConfigurationIsVisible = 0;
			defaultConfigurationName = Release;
		};
		8C655C021D815C7200CB1E06 /* Build configuration list for PBXNativeTarget "ReactiveCocoaCombinationDemoUITests" */ = {
			isa = XCConfigurationList;
			buildConfigurations = (
				8C655C031D815C7200CB1E06 /* Debug */,
				8C655C041D815C7200CB1E06 /* Release */,
			);
			defaultConfigurationIsVisible = 0;
			defaultConfigurationName = Release;
		};
/* End XCConfigurationList section */
	};
	rootObject = 8C655BC71D815C7200CB1E06 /* Project object */;
}
